
Microsoft Visual Studio Solution File, Format Version 12.00
# Visual Studio 14
VisualStudioVersion = 14.0.25420.1
MinimumVisualStudioVersion = 10.0.40219.1
Project("{FAE04EC0-301F-11D3-BF4B-00C04F79EFBC}") = "AMinerTask", "AMinerTask\AMinerTask.csproj", "{1FAE5EE4-6DF9-4594-A986-F1B0EC2EAD59}"
EndProject
Project("{FAE04EC0-301F-11D3-BF4B-00C04F79EFBC}") = "FixEmails", "FixEmails\FixEmails.csproj", "{BC8949F1-926A-45C1-80B9-3E34BC9504AA}"
EndProject
Project("{FAE04EC0-301F-11D3-BF4B-00C04F79EFBC}") = "UserLogs", "UserLogs\UserLogs.csproj", "{3B81E4A1-E584-4729-B14F-C8761D56F192}"
EndProject
Project("{FAE04EC0-301F-11D3-BF4B-00C04F79EFBC}") = "DragonArmy", "DragonArmy\DragonArmy.csproj", "{8EF5F557-0309-4541-9767-3375C5DE127A}"
EndProject
Global
	GlobalSection(SolutionConfigurationPlatforms) = preSolution
		Debug|Any CPU = Debug|Any CPU
		Release|Any CPU = Release|Any CPU
	EndGlobalSection
	GlobalSection(ProjectConfigurationPlatforms) = postSolution
		{1FAE5EE4-6DF9-4594-A986-F1B0EC2EAD59}.Debug|Any CPU.ActiveCfg = Debug|Any CPU
		{1FAE5EE4-6DF9-4594-A986-F1B0EC2EAD59}.Debug|Any CPU.Build.0 = Debug|Any CPU
		{1FAE5EE4-6DF9-4594-A986-F1B0EC2EAD59}.Release|Any CPU.ActiveCfg = Release|Any CPU
		{1FAE5EE4-6DF9-4594-A986-F1B0EC2EAD59}.Release|Any CPU.Build.0 = Release|Any CPU
		{BC8949F1-926A-45C1-80B9-3E34BC9504AA}.Debug|Any CPU.ActiveCfg = Debug|Any CPU
		{BC8949F1-926A-45C1-80B9-3E34BC9504AA}.Debug|Any CPU.Build.0 = Debug|Any CPU
		{BC8949F1-926A-45C1-80B9-3E34BC9504AA}.Release|Any CPU.ActiveCfg = Release|Any CPU
		{BC8949F1-926A-45C1-80B9-3E34BC9504AA}.Release|Any CPU.Build.0 = Release|Any CPU
		{3B81E4A1-E584-4729-B14F-C8761D56F192}.Debug|Any CPU.ActiveCfg = Debug|Any CPU
		{3B81E4A1-E584-4729-B14F-C8761D56F192}.Debug|Any CPU.Build.0 = Debug|Any CPU
		{3B81E4A1-E584-4729-B14F-C8761D56F192}.Release|Any CPU.ActiveCfg = Release|Any CPU
		{3B81E4A1-E584-4729-B14F-C8761D56F192}.Release|Any CPU.Build.0 = Release|Any CPU
		{8EF5F557-0309-4541-9767-3375C5DE127A}.Debug|Any CPU.ActiveCfg = Debug|Any CPU
		{8EF5F557-0309-4541-9767-3375C5DE127A}.Debug|Any CPU.Build.0 = Debug|Any CPU
		{8EF5F557-0309-4541-9767-3375C5DE127A}.Release|Any CPU.ActiveCfg = Release|Any CPU
		{8EF5F557-0309-4541-9767-3375C5DE127A}.Release|Any CPU.Build.0 = Release|Any CPU
	EndGlobalSection
	GlobalSection(SolutionProperties) = preSolution
		HideSolutionNode = FALSE
	EndGlobalSection
EndGlobal
