
Microsoft Visual Studio Solution File, Format Version 12.00
# Visual Studio 14
VisualStudioVersion = 14.0.25420.1
MinimumVisualStudioVersion = 10.0.40219.1
Project("{FAE04EC0-301F-11D3-BF4B-00C04F79EFBC}") = "Weekdays", "Weekdays\Weekdays.csproj", "{3C783D06-438E-415E-B206-266436A31C71}"
EndProject
Project("{FAE04EC0-301F-11D3-BF4B-00C04F79EFBC}") = "CardSuit", "CardSuit\CardSuit.csproj", "{05DEFB5A-461A-4B75-AB0E-8F56B0E6D656}"
EndProject
Project("{FAE04EC0-301F-11D3-BF4B-00C04F79EFBC}") = "CardPower", "CardPower\CardPower.csproj", "{B3CD1A2C-D4F4-4FB1-96F6-659440FC09D2}"
EndProject
Global
	GlobalSection(SolutionConfigurationPlatforms) = preSolution
		Debug|Any CPU = Debug|Any CPU
		Release|Any CPU = Release|Any CPU
	EndGlobalSection
	GlobalSection(ProjectConfigurationPlatforms) = postSolution
		{3C783D06-438E-415E-B206-266436A31C71}.Debug|Any CPU.ActiveCfg = Debug|Any CPU
		{3C783D06-438E-415E-B206-266436A31C71}.Debug|Any CPU.Build.0 = Debug|Any CPU
		{3C783D06-438E-415E-B206-266436A31C71}.Release|Any CPU.ActiveCfg = Release|Any CPU
		{3C783D06-438E-415E-B206-266436A31C71}.Release|Any CPU.Build.0 = Release|Any CPU
		{05DEFB5A-461A-4B75-AB0E-8F56B0E6D656}.Debug|Any CPU.ActiveCfg = Debug|Any CPU
		{05DEFB5A-461A-4B75-AB0E-8F56B0E6D656}.Debug|Any CPU.Build.0 = Debug|Any CPU
		{05DEFB5A-461A-4B75-AB0E-8F56B0E6D656}.Release|Any CPU.ActiveCfg = Release|Any CPU
		{05DEFB5A-461A-4B75-AB0E-8F56B0E6D656}.Release|Any CPU.Build.0 = Release|Any CPU
		{B3CD1A2C-D4F4-4FB1-96F6-659440FC09D2}.Debug|Any CPU.ActiveCfg = Debug|Any CPU
		{B3CD1A2C-D4F4-4FB1-96F6-659440FC09D2}.Debug|Any CPU.Build.0 = Debug|Any CPU
		{B3CD1A2C-D4F4-4FB1-96F6-659440FC09D2}.Release|Any CPU.ActiveCfg = Release|Any CPU
		{B3CD1A2C-D4F4-4FB1-96F6-659440FC09D2}.Release|Any CPU.Build.0 = Release|Any CPU
	EndGlobalSection
	GlobalSection(SolutionProperties) = preSolution
		HideSolutionNode = FALSE
	EndGlobalSection
EndGlobal
